// !$*UTF8*$!
{
	archiveVersion = 1;
	classes = {
	};
	objectVersion = 46;
	objects = {

/* Begin PBXBuildFile section */
		33D815A71E73D6C70065699D /* AppDelegate.swift in Sources */ = {isa = PBXBuildFile; fileRef = 33D815A61E73D6C70065699D /* AppDelegate.swift */; };
		33D815A91E73D6C70065699D /* ViewController.swift in Sources */ = {isa = PBXBuildFile; fileRef = 33D815A81E73D6C70065699D /* ViewController.swift */; };
		33D815AC1E73D6C70065699D /* Main.storyboard in Resources */ = {isa = PBXBuildFile; fileRef = 33D815AA1E73D6C70065699D /* Main.storyboard */; };
		33D815AE1E73D6C70065699D /* Assets.xcassets in Resources */ = {isa = PBXBuildFile; fileRef = 33D815AD1E73D6C70065699D /* Assets.xcassets */; };
		33D815B11E73D6C70065699D /* LaunchScreen.storyboard in Resources */ = {isa = PBXBuildFile; fileRef = 33D815AF1E73D6C70065699D /* LaunchScreen.storyboard */; };
		33D815B91E73D9930065699D /* LoginViewController.swift in Sources */ = {isa = PBXBuildFile; fileRef = 33D815B81E73D9930065699D /* LoginViewController.swift */; };
		33D815BB1E73D9F20065699D /* HomeViewController.swift in Sources */ = {isa = PBXBuildFile; fileRef = 33D815BA1E73D9F20065699D /* HomeViewController.swift */; };
		33D815BD1E73DA410065699D /* ImageSelectViewController.swift in Sources */ = {isa = PBXBuildFile; fileRef = 33D815BC1E73DA410065699D /* ImageSelectViewController.swift */; };
		33D815BF1E73DA880065699D /* PostViewController.swift in Sources */ = {isa = PBXBuildFile; fileRef = 33D815BE1E73DA880065699D /* PostViewController.swift */; };
		33D815C11E73DABE0065699D /* SettingViewController.swift in Sources */ = {isa = PBXBuildFile; fileRef = 33D815C01E73DABE0065699D /* SettingViewController.swift */; };
		C6B4B4E05D685C09C810C35A /* Pods_Instagram.framework in Frameworks */ = {isa = PBXBuildFile; fileRef = D6308DC953CCF2AF39563A27 /* Pods_Instagram.framework */; };
/* End PBXBuildFile section */

/* Begin PBXFileReference section */
		33D815A31E73D6C60065699D /* Instagram.app */ = {isa = PBXFileReference; explicitFileType = wrapper.application; includeInIndex = 0; path = Instagram.app; sourceTree = BUILT_PRODUCTS_DIR; };
		33D815A61E73D6C70065699D /* AppDelegate.swift */ = {isa = PBXFileReference; lastKnownFileType = sourcecode.swift; path = AppDelegate.swift; sourceTree = "<group>"; };
		33D815A81E73D6C70065699D /* ViewController.swift */ = {isa = PBXFileReference; lastKnownFileType = sourcecode.swift; path = ViewController.swift; sourceTree = "<group>"; };
		33D815AB1E73D6C70065699D /* Base */ = {isa = PBXFileReference; lastKnownFileType = file.storyboard; name = Base; path = Base.lproj/Main.storyboard; sourceTree = "<group>"; };
		33D815AD1E73D6C70065699D /* Assets.xcassets */ = {isa = PBXFileReference; lastKnownFileType = folder.assetcatalog; path = Assets.xcassets; sourceTree = "<group>"; };
		33D815B01E73D6C70065699D /* Base */ = {isa = PBXFileReference; lastKnownFileType = file.storyboard; name = Base; path = Base.lproj/LaunchScreen.storyboard; sourceTree = "<group>"; };
		33D815B21E73D6C70065699D /* Info.plist */ = {isa = PBXFileReference; lastKnownFileType = text.plist.xml; path = Info.plist; sourceTree = "<group>"; };
		33D815B81E73D9930065699D /* LoginViewController.swift */ = {isa = PBXFileReference; fileEncoding = 4; lastKnownFileType = sourcecode.swift; path = LoginViewController.swift; sourceTree = "<group>"; };
		33D815BA1E73D9F20065699D /* HomeViewController.swift */ = {isa = PBXFileReference; fileEncoding = 4; lastKnownFileType = sourcecode.swift; path = HomeViewController.swift; sourceTree = "<group>"; };
		33D815BC1E73DA410065699D /* ImageSelectViewController.swift */ = {isa = PBXFileReference; fileEncoding = 4; lastKnownFileType = sourcecode.swift; path = ImageSelectViewController.swift; sourceTree = "<group>"; };
		33D815BE1E73DA880065699D /* PostViewController.swift */ = {isa = PBXFileReference; fileEncoding = 4; lastKnownFileType = sourcecode.swift; path = PostViewController.swift; sourceTree = "<group>"; };
		33D815C01E73DABE0065699D /* SettingViewController.swift */ = {isa = PBXFileReference; fileEncoding = 4; lastKnownFileType = sourcecode.swift; path = SettingViewController.swift; sourceTree = "<group>"; };
		850A78009A308A82A32AA497 /* Pods-Instagram.debug.xcconfig */ = {isa = PBXFileReference; includeInIndex = 1; lastKnownFileType = text.xcconfig; name = "Pods-Instagram.debug.xcconfig"; path = "Pods/Target Support Files/Pods-Instagram/Pods-Instagram.debug.xcconfig"; sourceTree = "<group>"; };
		88688851F69B4D9C5A75D4CE /* Pods-Instagram.release.xcconfig */ = {isa = PBXFileReference; includeInIndex = 1; lastKnownFileType = text.xcconfig; name = "Pods-Instagram.release.xcconfig"; path = "Pods/Target Support Files/Pods-Instagram/Pods-Instagram.release.xcconfig"; sourceTree = "<group>"; };
		D6308DC953CCF2AF39563A27 /* Pods_Instagram.framework */ = {isa = PBXFileReference; explicitFileType = wrapper.framework; includeInIndex = 0; path = Pods_Instagram.framework; sourceTree = BUILT_PRODUCTS_DIR; };
/* End PBXFileReference section */

/* Begin PBXFrameworksBuildPhase section */
		33D815A01E73D6C60065699D /* Frameworks */ = {
			isa = PBXFrameworksBuildPhase;
			buildActionMask = 2147483647;
			files = (
				C6B4B4E05D685C09C810C35A /* Pods_Instagram.framework in Frameworks */,
			);
			runOnlyForDeploymentPostprocessing = 0;
		};
/* End PBXFrameworksBuildPhase section */

/* Begin PBXGroup section */
		28E88D40462F4BE205FA4138 /* Pods */ = {
			isa = PBXGroup;
			children = (
				850A78009A308A82A32AA497 /* Pods-Instagram.debug.xcconfig */,
				88688851F69B4D9C5A75D4CE /* Pods-Instagram.release.xcconfig */,
			);
			name = Pods;
			sourceTree = "<group>";
		};
		33D8159A1E73D6C60065699D = {
			isa = PBXGroup;
			children = (
				33D815A51E73D6C70065699D /* Instagram */,
				33D815A41E73D6C60065699D /* Products */,
				28E88D40462F4BE205FA4138 /* Pods */,
				EB73520D8831E55F0DEB57B5 /* Frameworks */,
			);
			sourceTree = "<group>";
		};
		33D815A41E73D6C60065699D /* Products */ = {
			isa = PBXGroup;
			children = (
				33D815A31E73D6C60065699D /* Instagram.app */,
			);
			name = Products;
			sourceTree = "<group>";
		};
		33D815A51E73D6C70065699D /* Instagram */ = {
			isa = PBXGroup;
			children = (
				33D815A61E73D6C70065699D /* AppDelegate.swift */,
				33D815A81E73D6C70065699D /* ViewController.swift */,
				33D815AA1E73D6C70065699D /* Main.storyboard */,
				33D815C01E73DABE0065699D /* SettingViewController.swift */,
				33D815BE1E73DA880065699D /* PostViewController.swift */,
				33D815BC1E73DA410065699D /* ImageSelectViewController.swift */,
				33D815BA1E73D9F20065699D /* HomeViewController.swift */,
				33D815B81E73D9930065699D /* LoginViewController.swift */,
				33D815AD1E73D6C70065699D /* Assets.xcassets */,
				33D815AF1E73D6C70065699D /* LaunchScreen.storyboard */,
				33D815B21E73D6C70065699D /* Info.plist */,
			);
			path = Instagram;
			sourceTree = "<group>";
		};
		EB73520D8831E55F0DEB57B5 /* Frameworks */ = {
			isa = PBXGroup;
			children = (
				D6308DC953CCF2AF39563A27 /* Pods_Instagram.framework */,
			);
			name = Frameworks;
			sourceTree = "<group>";
		};
/* End PBXGroup section */

/* Begin PBXNativeTarget section */
		33D815A21E73D6C60065699D /* Instagram */ = {
			isa = PBXNativeTarget;
			buildConfigurationList = 33D815B51E73D6C70065699D /* Build configuration list for PBXNativeTarget "Instagram" */;
			buildPhases = (
				761DE1CDEF17CF1A83356514 /* [CP] Check Pods Manifest.lock */,
				33D8159F1E73D6C60065699D /* Sources */,
				33D815A01E73D6C60065699D /* Frameworks */,
				33D815A11E73D6C60065699D /* Resources */,
				C2F38ED6AD16E5E045C00609 /* [CP] Embed Pods Frameworks */,
				93F1E507620539BAE0B0395B /* [CP] Copy Pods Resources */,
			);
			buildRules = (
			);
			dependencies = (
			);
			name = Instagram;
			productName = Instagram;
			productReference = 33D815A31E73D6C60065699D /* Instagram.app */;
			productType = "com.apple.product-type.application";
		};
/* End PBXNativeTarget section */

/* Begin PBXProject section */
		33D8159B1E73D6C60065699D /* Project object */ = {
			isa = PBXProject;
			attributes = {
				LastSwiftUpdateCheck = 0730;
				LastUpgradeCheck = 0730;
				ORGANIZATIONNAME = asa10yoru;
				TargetAttributes = {
					33D815A21E73D6C60065699D = {
						CreatedOnToolsVersion = 7.3;
					};
				};
			};
			buildConfigurationList = 33D8159E1E73D6C60065699D /* Build configuration list for PBXProject "Instagram" */;
			compatibilityVersion = "Xcode 3.2";
			developmentRegion = English;
			hasScannedForEncodings = 0;
			knownRegions = (
				en,
				Base,
			);
			mainGroup = 33D8159A1E73D6C60065699D;
			productRefGroup = 33D815A41E73D6C60065699D /* Products */;
			projectDirPath = "";
			projectRoot = "";
			targets = (
				33D815A21E73D6C60065699D /* Instagram */,
			);
		};
/* End PBXProject section */

/* Begin PBXResourcesBuildPhase section */
		33D815A11E73D6C60065699D /* Resources */ = {
			isa = PBXResourcesBuildPhase;
			buildActionMask = 2147483647;
			files = (
				33D815B11E73D6C70065699D /* LaunchScreen.storyboard in Resources */,
				33D815AE1E73D6C70065699D /* Assets.xcassets in Resources */,
				33D815AC1E73D6C70065699D /* Main.storyboard in Resources */,
			);
			runOnlyForDeploymentPostprocessing = 0;
		};
/* End PBXResourcesBuildPhase section */

/* Begin PBXShellScriptBuildPhase section */
		761DE1CDEF17CF1A83356514 /* [CP] Check Pods Manifest.lock */ = {
			isa = PBXShellScriptBuildPhase;
			buildActionMask = 2147483647;
			files = (
			);
			inputPaths = (
			);
			name = "[CP] Check Pods Manifest.lock";
			outputPaths = (
			);
			runOnlyForDeploymentPostprocessing = 0;
			shellPath = /bin/sh;
			shellScript = "diff \"${PODS_ROOT}/../Podfile.lock\" \"${PODS_ROOT}/Manifest.lock\" > /dev/null\nif [ $? != 0 ] ; then\n    # print error to STDERR\n    echo \"error: The sandbox is not in sync with the Podfile.lock. Run 'pod install' or update your CocoaPods installation.\" >&2\n    exit 1\nfi\n";
			showEnvVarsInLog = 0;
		};
		93F1E507620539BAE0B0395B /* [CP] Copy Pods Resources */ = {
			isa = PBXShellScriptBuildPhase;
			buildActionMask = 2147483647;
			files = (
			);
			inputPaths = (
			);
			name = "[CP] Copy Pods Resources";
			outputPaths = (
			);
			runOnlyForDeploymentPostprocessing = 0;
			shellPath = /bin/sh;
			shellScript = "\"${SRCROOT}/Pods/Target Support Files/Pods-Instagram/Pods-Instagram-resources.sh\"\n";
			showEnvVarsInLog = 0;
		};
		C2F38ED6AD16E5E045C00609 /* [CP] Embed Pods Frameworks */ = {
			isa = PBXShellScriptBuildPhase;
			buildActionMask = 2147483647;
			files = (
			);
			inputPaths = (
			);
			name = "[CP] Embed Pods Frameworks";
			outputPaths = (
			);
			runOnlyForDeploymentPostprocessing = 0;
			shellPath = /bin/sh;
			shellScript = "\"${SRCROOT}/Pods/Target Support Files/Pods-Instagram/Pods-Instagram-frameworks.sh\"\n";
			showEnvVarsInLog = 0;
		};
/* End PBXShellScriptBuildPhase section */

/* Begin PBXSourcesBuildPhase section */
		33D8159F1E73D6C60065699D /* Sources */ = {
			isa = PBXSourcesBuildPhase;
			buildActionMask = 2147483647;
			files = (
				33D815BF1E73DA880065699D /* PostViewController.swift in Sources */,
				33D815B91E73D9930065699D /* LoginViewController.swift in Sources */,
				33D815A91E73D6C70065699D /* ViewController.swift in Sources */,
				33D815A71E73D6C70065699D /* AppDelegate.swift in Sources */,
				33D815BD1E73DA410065699D /* ImageSelectViewController.swift in Sources */,
				33D815C11E73DABE0065699D /* SettingViewController.swift in Sources */,
				33D815BB1E73D9F20065699D /* HomeViewController.swift in Sources */,
			);
			runOnlyForDeploymentPostprocessing = 0;
		};
/* End PBXSourcesBuildPhase section */

/* Begin PBXVariantGroup section */
		33D815AA1E73D6C70065699D /* Main.storyboard */ = {
			isa = PBXVariantGroup;
			children = (
				33D815AB1E73D6C70065699D /* Base */,
			);
			name = Main.storyboard;
			sourceTree = "<group>";
		};
		33D815AF1E73D6C70065699D /* LaunchScreen.storyboard */ = {
			isa = PBXVariantGroup;
			children = (
				33D815B01E73D6C70065699D /* Base */,
			);
			name = LaunchScreen.storyboard;
			sourceTree = "<group>";
		};
/* End PBXVariantGroup section */

/* Begin XCBuildConfiguration section */
		33D815B31E73D6C70065699D /* Debug */ = {
			isa = XCBuildConfiguration;
			buildSettings = {
				ALWAYS_SEARCH_USER_PATHS = NO;
				CLANG_ANALYZER_NONNULL = YES;
				CLANG_CXX_LANGUAGE_STANDARD = "gnu++0x";
				CLANG_CXX_LIBRARY = "libc++";
				CLANG_ENABLE_MODULES = YES;
				CLANG_ENABLE_OBJC_ARC = YES;
				CLANG_WARN_BOOL_CONVERSION = YES;
				CLANG_WARN_CONSTANT_CONVERSION = YES;
				CLANG_WARN_DIRECT_OBJC_ISA_USAGE = YES_ERROR;
				CLANG_WARN_EMPTY_BODY = YES;
				CLANG_WARN_ENUM_CONVERSION = YES;
				CLANG_WARN_INT_CONVERSION = YES;
				CLANG_WARN_OBJC_ROOT_CLASS = YES_ERROR;
				CLANG_WARN_UNREACHABLE_CODE = YES;
				CLANG_WARN__DUPLICATE_METHOD_MATCH = YES;
				"CODE_SIGN_IDENTITY[sdk=iphoneos*]" = "iPhone Developer";
				COPY_PHASE_STRIP = NO;
				DEBUG_INFORMATION_FORMAT = dwarf;
				ENABLE_STRICT_OBJC_MSGSEND = YES;
				ENABLE_TESTABILITY = YES;
				GCC_C_LANGUAGE_STANDARD = gnu99;
				GCC_DYNAMIC_NO_PIC = NO;
				GCC_NO_COMMON_BLOCKS = YES;
				GCC_OPTIMIZATION_LEVEL = 0;
				GCC_PREPROCESSOR_DEFINITIONS = (
					"DEBUG=1",
					"$(inherited)",
				);
				GCC_WARN_64_TO_32_BIT_CONVERSION = YES;
				GCC_WARN_ABOUT_RETURN_TYPE = YES_ERROR;
				GCC_WARN_UNDECLARED_SELECTOR = YES;
				GCC_WARN_UNINITIALIZED_AUTOS = YES_AGGRESSIVE;
				GCC_WARN_UNUSED_FUNCTION = YES;
				GCC_WARN_UNUSED_VARIABLE = YES;
				IPHONEOS_DEPLOYMENT_TARGET = 9.3;
				MTL_ENABLE_DEBUG_INFO = YES;
				ONLY_ACTIVE_ARCH = YES;
				SDKROOT = iphoneos;
				SWIFT_OPTIMIZATION_LEVEL = "-Onone";
			};
			name = Debug;
		};
		33D815B41E73D6C70065699D /* Release */ = {
			isa = XCBuildConfiguration;
			buildSettings = {
				ALWAYS_SEARCH_USER_PATHS = NO;
				CLANG_ANALYZER_NONNULL = YES;
				CLANG_CXX_LANGUAGE_STANDARD = "gnu++0x";
				CLANG_CXX_LIBRARY = "libc++";
				CLANG_ENABLE_MODULES = YES;
				CLANG_ENABLE_OBJC_ARC = YES;
				CLANG_WARN_BOOL_CONVERSION = YES;
				CLANG_WARN_CONSTANT_CONVERSION = YES;
				CLANG_WARN_DIRECT_OBJC_ISA_USAGE = YES_ERROR;
				CLANG_WARN_EMPTY_BODY = YES;
				CLANG_WARN_ENUM_CONVERSION = YES;
				CLANG_WARN_INT_CONVERSION = YES;
				CLANG_WARN_OBJC_ROOT_CLASS = YES_ERROR;
				CLANG_WARN_UNREACHABLE_CODE = YES;
				CLANG_WARN__DUPLICATE_METHOD_MATCH = YES;
				"CODE_SIGN_IDENTITY[sdk=iphoneos*]" = "iPhone Developer";
				COPY_PHASE_STRIP = NO;
				DEBUG_INFORMATION_FORMAT = "dwarf-with-dsym";
				ENABLE_NS_ASSERTIONS = NO;
				ENABLE_STRICT_OBJC_MSGSEND = YES;
				GCC_C_LANGUAGE_STANDARD = gnu99;
				GCC_NO_COMMON_BLOCKS = YES;
				GCC_WARN_64_TO_32_BIT_CONVERSION = YES;
				GCC_WARN_ABOUT_RETURN_TYPE = YES_ERROR;
				GCC_WARN_UNDECLARED_SELECTOR = YES;
				GCC_WARN_UNINITIALIZED_AUTOS = YES_AGGRESSIVE;
				GCC_WARN_UNUSED_FUNCTION = YES;
				GCC_WARN_UNUSED_VARIABLE = YES;
				IPHONEOS_DEPLOYMENT_TARGET = 9.3;
				MTL_ENABLE_DEBUG_INFO = NO;
				SDKROOT = iphoneos;
				VALIDATE_PRODUCT = YES;
			};
			name = Release;
		};
		33D815B61E73D6C70065699D /* Debug */ = {
			isa = XCBuildConfiguration;
			baseConfigurationReference = 850A78009A308A82A32AA497 /* Pods-Instagram.debug.xcconfig */;
			buildSettings = {
				ASSETCATALOG_COMPILER_APPICON_NAME = AppIcon;
				CODE_SIGN_IDENTITY = "iPhone Developer";
				INFOPLIST_FILE = Instagram/Info.plist;
				LD_RUNPATH_SEARCH_PATHS = "$(inherited) @executable_path/Frameworks";
				PRODUCT_BUNDLE_IDENTIFIER = jp.techacademy.asa10yoru.Instagram;
				PRODUCT_NAME = "$(TARGET_NAME)";
			};
			name = Debug;
		};
		33D815B71E73D6C70065699D /* Release */ = {
			isa = XCBuildConfiguration;
			baseConfigurationReference = 88688851F69B4D9C5A75D4CE /* Pods-Instagram.release.xcconfig */;
			buildSettings = {
				ASSETCATALOG_COMPILER_APPICON_NAME = AppIcon;
				CODE_SIGN_IDENTITY = "iPhone Developer";
				INFOPLIST_FILE = Instagram/Info.plist;
				LD_RUNPATH_SEARCH_PATHS = "$(inherited) @executable_path/Frameworks";
				PRODUCT_BUNDLE_IDENTIFIER = jp.techacademy.asa10yoru.Instagram;
				PRODUCT_NAME = "$(TARGET_NAME)";
			};
			name = Release;
		};
/* End XCBuildConfiguration section */

/* Begin XCConfigurationList section */
		33D8159E1E73D6C60065699D /* Build configuration list for PBXProject "Instagram" */ = {
			isa = XCConfigurationList;
			buildConfigurations = (
				33D815B31E73D6C70065699D /* Debug */,
				33D815B41E73D6C70065699D /* Release */,
			);
			defaultConfigurationIsVisible = 0;
			defaultConfigurationName = Release;
		};
		33D815B51E73D6C70065699D /* Build configuration list for PBXNativeTarget "Instagram" */ = {
			isa = XCConfigurationList;
			buildConfigurations = (
				33D815B61E73D6C70065699D /* Debug */,
				33D815B71E73D6C70065699D /* Release */,
			);
			defaultConfigurationIsVisible = 0;
		};
/* End XCConfigurationList section */
	};
	rootObject = 33D8159B1E73D6C60065699D /* Project object */;
}
